# THIS IS AN AUTOGENERATED FILE. DO NOT EDIT THIS FILE DIRECTLY.
# yarn lockfile v1


gsap@^3.11.3:
  version "3.11.3"
  resolved "https://registry.yarnpkg.com/gsap/-/gsap-3.11.3.tgz#ca5be827f56fe8d5720e08343390f74fb89a05f3"
  integrity sha512-xc/iIJy+LWiMbRa4IdMtdnnKa/7PXEK6NNzV71gdOYUVeTZN7UWnLU0fB7Hi1iwiz4ZZoYkBZPPYGg+2+zzFHA==

"js-tokens@^3.0.0 || ^4.0.0":
  version "4.0.0"
  resolved "https://registry.yarnpkg.com/js-tokens/-/js-tokens-4.0.0.tgz#19203fb59991df98e3a287050d4647cdeaf32499"
  integrity sha512-RdJUflcE3cUzKiMqQgsCu06FPu9UdIJO0beYbPhHN4k6apgJtifcoCtT9bcxOpYBtpD2kCM6Sbzg4CausW/PKQ==

loose-envify@^1.4.0:
  version "1.4.0"
  resolved "https://registry.yarnpkg.com/loose-envify/-/loose-envify-1.4.0.tgz#71ee51fa7be4caec1a63839f7e682d8132d30caf"
  integrity sha512-lyuxPGr/Wfhrlem2CL/UcnUc1zcqKAImBDzukY7Y5F/yQiNdko6+fRLevlw1HgMySw7f611UIY408EtxRSoK3Q==
  dependencies:
    js-tokens "^3.0.0 || ^4.0.0"

object-assign@^4.1.1:
  version "4.1.1"
  resolved "https://registry.yarnpkg.com/object-assign/-/object-assign-4.1.1.tgz#2109adc7965887cfc05cbbd442cac8bfbb360863"
  integrity sha512-rJgTQnkUnH1sFw8yT6VSU3zD3sWmu6sZhIseY8VX+GRu3P6F7Fu+JNDoXfklElbLJSnc3FUQHVe4cU5hj+BcUg==

prop-types@^15.6.0:
  version "15.8.1"
  resolved "https://registry.yarnpkg.com/prop-types/-/prop-types-15.8.1.tgz#67d87bf1a694f48435cf332c24af10214a3140b5"
  integrity sha512-oj87CgZICdulUohogVAR7AjlC0327U4el4L6eAvOqCeudMDVU0NThNaV+b9Df4dXgSP1gXMTnPdhfe/2qDH5cg==
  dependencies:
    loose-envify "^1.4.0"
    object-assign "^4.1.1"
    react-is "^16.13.1"

react-gsap@^3.2.1:
  version "3.2.1"
  resolved "https://registry.yarnpkg.com/react-gsap/-/react-gsap-3.2.1.tgz#15c7a0e06c4cdda6ac36ccfcd49f58ba6c3cfbc5"
  integrity sha512-IX6XiN1a74hmU385yNZAYV1cFe3/Xmbg8eT99VCjmz7yzQq1qIsR47gkX5rkWeml9KmyEgiIzqArYaipPkKIbw==
  dependencies:
    react-is "^16.13.1"

react-is@^16.13.1:
  version "16.13.1"
  resolved "https://registry.yarnpkg.com/react-is/-/react-is-16.13.1.tgz#789729a4dc36de2999dc156dd6c1d9c18cea56a4"
  integrity sha512-24e6ynE2H+OKt4kqsOvNd8kBpV65zoxbA4BVsEOB3ARVWQki/DHzaUoC5KuON/BiccDaCCTZBuOcfZs70kR8bQ==

react-typed@^1.2.0:
  version "1.2.0"
  resolved "https://registry.yarnpkg.com/react-typed/-/react-typed-1.2.0.tgz#c5fb0bea4c972545c29fceb9c1d22495b6636b58"
  integrity sha512-aDsaA6zkjAFJs8285APOqE85l/kwJ0/ZJmBhARwUrza4TTttrMM5FcMCGEDdThdfUdHo/0l9WXmxp1m2ik4qdw==
  dependencies:
    prop-types "^15.6.0"
    typed.js "^2.0.6"

react-whatsapp@^0.3.0:
  version "0.3.0"
  resolved "https://registry.yarnpkg.com/react-whatsapp/-/react-whatsapp-0.3.0.tgz#1d8909939112b90411a70189be2677bdb6d53ac6"
  integrity sha512-ZuCKhd30crVVNdLf/3BfDffqEOZLFW6mYRITA4fB6Vk5p3TU1Gl3YfTEfLE/7W+kTuwYPzF6aDnzbNt6GcatiQ==

typed.js@^2.0.6:
  version "2.0.12"
  resolved "https://registry.yarnpkg.com/typed.js/-/typed.js-2.0.12.tgz#246aff074c8e18d32ec27acb7be15094ac0bc0e1"
  integrity sha512-lyACZh1cu+vpfYY3DG/bvsGLXXbdoDDpWxmqta10IQUdMXisMXOEyl+jos+YT9uBbzK4QaKYBjT3R0kTJO0Slw==
